
Microsoft Visual Studio Solution File, Format Version 12.00
# Visual Studio 15
VisualStudioVersion = 15.0.27130.2024
MinimumVisualStudioVersion = 10.0.40219.1
Project("{FAE04EC0-301F-11D3-BF4B-00C04F79EFBC}") = "ArrangePicture", "ArrangePicture\ArrangePicture.csproj", "{75EB3B7F-874A-48AD-8803-0836E90C196B}"
EndProject
Global
	GlobalSection(SolutionConfigurationPlatforms) = preSolution
		Debug|Any CPU = Debug|Any CPU
		Release|Any CPU = Release|Any CPU
	EndGlobalSection
	GlobalSection(ProjectConfigurationPlatforms) = postSolution
		{75EB3B7F-874A-48AD-8803-0836E90C196B}.Debug|Any CPU.ActiveCfg = Debug|Any CPU
		{75EB3B7F-874A-48AD-8803-0836E90C196B}.Debug|Any CPU.Build.0 = Debug|Any CPU
		{75EB3B7F-874A-48AD-8803-0836E90C196B}.Release|Any CPU.ActiveCfg = Release|Any CPU
		{75EB3B7F-874A-48AD-8803-0836E90C196B}.Release|Any CPU.Build.0 = Release|Any CPU
	EndGlobalSection
	GlobalSection(SolutionProperties) = preSolution
		HideSolutionNode = FALSE
	EndGlobalSection
	GlobalSection(ExtensibilityGlobals) = postSolution
		SolutionGuid = {F2943614-421E-40ED-835B-1BF91BADE643}
	EndGlobalSection
EndGlobal
